// !$*UTF8*$!
{
	archiveVersion = 1;
	classes = {
	};
	objectVersion = 48;
	objects = {

/* Begin PBXBuildFile section */
		056557AF1FB2FFBE00D1ADB6 /* AppDelegate.swift in Sources */ = {isa = PBXBuildFile; fileRef = 056557AE1FB2FFBE00D1ADB6 /* AppDelegate.swift */; };
		056557B11FB2FFBE00D1ADB6 /* ViewController.swift in Sources */ = {isa = PBXBuildFile; fileRef = 056557B01FB2FFBE00D1ADB6 /* ViewController.swift */; };
		056557B41FB2FFBE00D1ADB6 /* Main.storyboard in Resources */ = {isa = PBXBuildFile; fileRef = 056557B21FB2FFBE00D1ADB6 /* Main.storyboard */; };
		056557B61FB2FFBE00D1ADB6 /* Assets.xcassets in Resources */ = {isa = PBXBuildFile; fileRef = 056557B51FB2FFBE00D1ADB6 /* Assets.xcassets */; };
		056557B91FB2FFBE00D1ADB6 /* LaunchScreen.storyboard in Resources */ = {isa = PBXBuildFile; fileRef = 056557B71FB2FFBE00D1ADB6 /* LaunchScreen.storyboard */; };
		056557C11FB3005100D1ADB6 /* customPicker.swift in Sources */ = {isa = PBXBuildFile; fileRef = 056557C01FB3005100D1ADB6 /* customPicker.swift */; };
/* End PBXBuildFile section */

/* Begin PBXFileReference section */
		056557AB1FB2FFBE00D1ADB6 /* CustomPickerLib.app */ = {isa = PBXFileReference; explicitFileType = wrapper.application; includeInIndex = 0; path = CustomPickerLib.app; sourceTree = BUILT_PRODUCTS_DIR; };
		056557AE1FB2FFBE00D1ADB6 /* AppDelegate.swift */ = {isa = PBXFileReference; lastKnownFileType = sourcecode.swift; path = AppDelegate.swift; sourceTree = "<group>"; };
		056557B01FB2FFBE00D1ADB6 /* ViewController.swift */ = {isa = PBXFileReference; lastKnownFileType = sourcecode.swift; path = ViewController.swift; sourceTree = "<group>"; };
		056557B31FB2FFBE00D1ADB6 /* Base */ = {isa = PBXFileReference; lastKnownFileType = file.storyboard; name = Base; path = Base.lproj/Main.storyboard; sourceTree = "<group>"; };
		056557B51FB2FFBE00D1ADB6 /* Assets.xcassets */ = {isa = PBXFileReference; lastKnownFileType = folder.assetcatalog; path = Assets.xcassets; sourceTree = "<group>"; };
		056557B81FB2FFBE00D1ADB6 /* Base */ = {isa = PBXFileReference; lastKnownFileType = file.storyboard; name = Base; path = Base.lproj/LaunchScreen.storyboard; sourceTree = "<group>"; };
		056557BA1FB2FFBE00D1ADB6 /* Info.plist */ = {isa = PBXFileReference; lastKnownFileType = text.plist.xml; path = Info.plist; sourceTree = "<group>"; };
		056557C01FB3005100D1ADB6 /* customPicker.swift */ = {isa = PBXFileReference; lastKnownFileType = sourcecode.swift; path = customPicker.swift; sourceTree = "<group>"; };
/* End PBXFileReference section */

/* Begin PBXFrameworksBuildPhase section */
		056557A81FB2FFBE00D1ADB6 /* Frameworks */ = {
			isa = PBXFrameworksBuildPhase;
			buildActionMask = 2147483647;
			files = (
			);
			runOnlyForDeploymentPostprocessing = 0;
		};
/* End PBXFrameworksBuildPhase section */

/* Begin PBXGroup section */
		056557A21FB2FFBC00D1ADB6 = {
			isa = PBXGroup;
			children = (
				056557AD1FB2FFBE00D1ADB6 /* CustomPickerLib */,
				056557AC1FB2FFBE00D1ADB6 /* Products */,
			);
			sourceTree = "<group>";
		};
		056557AC1FB2FFBE00D1ADB6 /* Products */ = {
			isa = PBXGroup;
			children = (
				056557AB1FB2FFBE00D1ADB6 /* CustomPickerLib.app */,
			);
			name = Products;
			sourceTree = "<group>";
		};
		056557AD1FB2FFBE00D1ADB6 /* CustomPickerLib */ = {
			isa = PBXGroup;
			children = (
				056557AE1FB2FFBE00D1ADB6 /* AppDelegate.swift */,
				056557B01FB2FFBE00D1ADB6 /* ViewController.swift */,
				056557C01FB3005100D1ADB6 /* customPicker.swift */,
				056557B21FB2FFBE00D1ADB6 /* Main.storyboard */,
				056557B51FB2FFBE00D1ADB6 /* Assets.xcassets */,
				056557B71FB2FFBE00D1ADB6 /* LaunchScreen.storyboard */,
				056557BA1FB2FFBE00D1ADB6 /* Info.plist */,
			);
			path = CustomPickerLib;
			sourceTree = "<group>";
		};
/* End PBXGroup section */

/* Begin PBXNativeTarget section */
		056557AA1FB2FFBE00D1ADB6 /* CustomPickerLib */ = {
			isa = PBXNativeTarget;
			buildConfigurationList = 056557BD1FB2FFBE00D1ADB6 /* Build configuration list for PBXNativeTarget "CustomPickerLib" */;
			buildPhases = (
				056557A71FB2FFBE00D1ADB6 /* Sources */,
				056557A81FB2FFBE00D1ADB6 /* Frameworks */,
				056557A91FB2FFBE00D1ADB6 /* Resources */,
			);
			buildRules = (
			);
			dependencies = (
			);
			name = CustomPickerLib;
			productName = CustomPickerLib;
			productReference = 056557AB1FB2FFBE00D1ADB6 /* CustomPickerLib.app */;
			productType = "com.apple.product-type.application";
		};
/* End PBXNativeTarget section */

/* Begin PBXProject section */
		056557A31FB2FFBC00D1ADB6 /* Project object */ = {
			isa = PBXProject;
			attributes = {
				LastSwiftUpdateCheck = 0910;
				LastUpgradeCheck = 0910;
				ORGANIZATIONNAME = personal;
				TargetAttributes = {
					056557AA1FB2FFBE00D1ADB6 = {
						CreatedOnToolsVersion = 9.1;
						ProvisioningStyle = Automatic;
					};
				};
			};
			buildConfigurationList = 056557A61FB2FFBD00D1ADB6 /* Build configuration list for PBXProject "CustomPickerLib" */;
			compatibilityVersion = "Xcode 8.0";
			developmentRegion = en;
			hasScannedForEncodings = 0;
			knownRegions = (
				en,
				Base,
			);
			mainGroup = 056557A21FB2FFBC00D1ADB6;
			productRefGroup = 056557AC1FB2FFBE00D1ADB6 /* Products */;
			projectDirPath = "";
			projectRoot = "";
			targets = (
				056557AA1FB2FFBE00D1ADB6 /* CustomPickerLib */,
			);
		};
/* End PBXProject section */

/* Begin PBXResourcesBuildPhase section */
		056557A91FB2FFBE00D1ADB6 /* Resources */ = {
			isa = PBXResourcesBuildPhase;
			buildActionMask = 2147483647;
			files = (
				056557B91FB2FFBE00D1ADB6 /* LaunchScreen.storyboard in Resources */,
				056557B61FB2FFBE00D1ADB6 /* Assets.xcassets in Resources */,
				056557B41FB2FFBE00D1ADB6 /* Main.storyboard in Resources */,
			);
			runOnlyForDeploymentPostprocessing = 0;
		};
/* End PBXResourcesBuildPhase section */

/* Begin PBXSourcesBuildPhase section */
		056557A71FB2FFBE00D1ADB6 /* Sources */ = {
			isa = PBXSourcesBuildPhase;
			buildActionMask = 2147483647;
			files = (
				056557C11FB3005100D1ADB6 /* customPicker.swift in Sources */,
				056557B11FB2FFBE00D1ADB6 /* ViewController.swift in Sources */,
				056557AF1FB2FFBE00D1ADB6 /* AppDelegate.swift in Sources */,
			);
			runOnlyForDeploymentPostprocessing = 0;
		};
/* End PBXSourcesBuildPhase section */

/* Begin PBXVariantGroup section */
		056557B21FB2FFBE00D1ADB6 /* Main.storyboard */ = {
			isa = PBXVariantGroup;
			children = (
				056557B31FB2FFBE00D1ADB6 /* Base */,
			);
			name = Main.storyboard;
			sourceTree = "<group>";
		};
		056557B71FB2FFBE00D1ADB6 /* LaunchScreen.storyboard */ = {
			isa = PBXVariantGroup;
			children = (
				056557B81FB2FFBE00D1ADB6 /* Base */,
			);
			name = LaunchScreen.storyboard;
			sourceTree = "<group>";
		};
/* End PBXVariantGroup section */

/* Begin XCBuildConfiguration section */
		056557BB1FB2FFBE00D1ADB6 /* Debug */ = {
			isa = XCBuildConfiguration;
			buildSettings = {
				ALWAYS_SEARCH_USER_PATHS = NO;
				CLANG_ANALYZER_NONNULL = YES;
				CLANG_ANALYZER_NUMBER_OBJECT_CONVERSION = YES_AGGRESSIVE;
				CLANG_CXX_LANGUAGE_STANDARD = "gnu++14";
				CLANG_CXX_LIBRARY = "libc++";
				CLANG_ENABLE_MODULES = YES;
				CLANG_ENABLE_OBJC_ARC = YES;
				CLANG_WARN_BLOCK_CAPTURE_AUTORELEASING = YES;
				CLANG_WARN_BOOL_CONVERSION = YES;
				CLANG_WARN_COMMA = YES;
				CLANG_WARN_CONSTANT_CONVERSION = YES;
				CLANG_WARN_DIRECT_OBJC_ISA_USAGE = YES_ERROR;
				CLANG_WARN_DOCUMENTATION_COMMENTS = YES;
				CLANG_WARN_EMPTY_BODY = YES;
				CLANG_WARN_ENUM_CONVERSION = YES;
				CLANG_WARN_INFINITE_RECURSION = YES;
				CLANG_WARN_INT_CONVERSION = YES;
				CLANG_WARN_NON_LITERAL_NULL_CONVERSION = YES;
				CLANG_WARN_OBJC_LITERAL_CONVERSION = YES;
				CLANG_WARN_OBJC_ROOT_CLASS = YES_ERROR;
				CLANG_WARN_RANGE_LOOP_ANALYSIS = YES;
				CLANG_WARN_STRICT_PROTOTYPES = YES;
				CLANG_WARN_SUSPICIOUS_MOVE = YES;
				CLANG_WARN_UNGUARDED_AVAILABILITY = YES_AGGRESSIVE;
				CLANG_WARN_UNREACHABLE_CODE = YES;
				CLANG_WARN__DUPLICATE_METHOD_MATCH = YES;
				CODE_SIGN_IDENTITY = "iPhone Developer";
				COPY_PHASE_STRIP = NO;
				DEBUG_INFORMATION_FORMAT = dwarf;
				ENABLE_STRICT_OBJC_MSGSEND = YES;
				ENABLE_TESTABILITY = YES;
				GCC_C_LANGUAGE_STANDARD = gnu11;
				GCC_DYNAMIC_NO_PIC = NO;
				GCC_NO_COMMON_BLOCKS = YES;
				GCC_OPTIMIZATION_LEVEL = 0;
				GCC_PREPROCESSOR_DEFINITIONS = (
					"DEBUG=1",
					"$(inherited)",
				);
				GCC_WARN_64_TO_32_BIT_CONVERSION = YES;
				GCC_WARN_ABOUT_RETURN_TYPE = YES_ERROR;
				GCC_WARN_UNDECLARED_SELECTOR = YES;
				GCC_WARN_UNINITIALIZED_AUTOS = YES_AGGRESSIVE;
				GCC_WARN_UNUSED_FUNCTION = YES;
				GCC_WARN_UNUSED_VARIABLE = YES;
				IPHONEOS_DEPLOYMENT_TARGET = 11.1;
				MTL_ENABLE_DEBUG_INFO = YES;
				ONLY_ACTIVE_ARCH = YES;
				SDKROOT = iphoneos;
				SWIFT_ACTIVE_COMPILATION_CONDITIONS = DEBUG;
				SWIFT_OPTIMIZATION_LEVEL = "-Onone";
			};
			name = Debug;
		};
		056557BC1FB2FFBE00D1ADB6 /* Release */ = {
			isa = XCBuildConfiguration;
			buildSettings = {
				ALWAYS_SEARCH_USER_PATHS = NO;
				CLANG_ANALYZER_NONNULL = YES;
				CLANG_ANALYZER_NUMBER_OBJECT_CONVERSION = YES_AGGRESSIVE;
				CLANG_CXX_LANGUAGE_STANDARD = "gnu++14";
				CLANG_CXX_LIBRARY = "libc++";
				CLANG_ENABLE_MODULES = YES;
				CLANG_ENABLE_OBJC_ARC = YES;
				CLANG_WARN_BLOCK_CAPTURE_AUTORELEASING = YES;
				CLANG_WARN_BOOL_CONVERSION = YES;
				CLANG_WARN_COMMA = YES;
				CLANG_WARN_CONSTANT_CONVERSION = YES;
				CLANG_WARN_DIRECT_OBJC_ISA_USAGE = YES_ERROR;
				CLANG_WARN_DOCUMENTATION_COMMENTS = YES;
				CLANG_WARN_EMPTY_BODY = YES;
				CLANG_WARN_ENUM_CONVERSION = YES;
				CLANG_WARN_INFINITE_RECURSION = YES;
				CLANG_WARN_INT_CONVERSION = YES;
				CLANG_WARN_NON_LITERAL_NULL_CONVERSION = YES;
				CLANG_WARN_OBJC_LITERAL_CONVERSION = YES;
				CLANG_WARN_OBJC_ROOT_CLASS = YES_ERROR;
				CLANG_WARN_RANGE_LOOP_ANALYSIS = YES;
				CLANG_WARN_STRICT_PROTOTYPES = YES;
				CLANG_WARN_SUSPICIOUS_MOVE = YES;
				CLANG_WARN_UNGUARDED_AVAILABILITY = YES_AGGRESSIVE;
				CLANG_WARN_UNREACHABLE_CODE = YES;
				CLANG_WARN__DUPLICATE_METHOD_MATCH = YES;
				CODE_SIGN_IDENTITY = "iPhone Developer";
				COPY_PHASE_STRIP = NO;
				DEBUG_INFORMATION_FORMAT = "dwarf-with-dsym";
				ENABLE_NS_ASSERTIONS = NO;
				ENABLE_STRICT_OBJC_MSGSEND = YES;
				GCC_C_LANGUAGE_STANDARD = gnu11;
				GCC_NO_COMMON_BLOCKS = YES;
				GCC_WARN_64_TO_32_BIT_CONVERSION = YES;
				GCC_WARN_ABOUT_RETURN_TYPE = YES_ERROR;
				GCC_WARN_UNDECLARED_SELECTOR = YES;
				GCC_WARN_UNINITIALIZED_AUTOS = YES_AGGRESSIVE;
				GCC_WARN_UNUSED_FUNCTION = YES;
				GCC_WARN_UNUSED_VARIABLE = YES;
				IPHONEOS_DEPLOYMENT_TARGET = 11.1;
				MTL_ENABLE_DEBUG_INFO = NO;
				SDKROOT = iphoneos;
				SWIFT_OPTIMIZATION_LEVEL = "-Owholemodule";
				VALIDATE_PRODUCT = YES;
			};
			name = Release;
		};
		056557BE1FB2FFBE00D1ADB6 /* Debug */ = {
			isa = XCBuildConfiguration;
			buildSettings = {
				ASSETCATALOG_COMPILER_APPICON_NAME = AppIcon;
				CODE_SIGN_STYLE = Automatic;
				DEVELOPMENT_TEAM = 9ZB8XD29H5;
				INFOPLIST_FILE = CustomPickerLib/Info.plist;
				LD_RUNPATH_SEARCH_PATHS = "$(inherited) @executable_path/Frameworks";
				PRODUCT_BUNDLE_IDENTIFIER = com.beas.CustomPickerLib;
				PRODUCT_NAME = "$(TARGET_NAME)";
				SWIFT_VERSION = 4.0;
				TARGETED_DEVICE_FAMILY = "1,2";
			};
			name = Debug;
		};
		056557BF1FB2FFBE00D1ADB6 /* Release */ = {
			isa = XCBuildConfiguration;
			buildSettings = {
				ASSETCATALOG_COMPILER_APPICON_NAME = AppIcon;
				CODE_SIGN_STYLE = Automatic;
				DEVELOPMENT_TEAM = 9ZB8XD29H5;
				INFOPLIST_FILE = CustomPickerLib/Info.plist;
				LD_RUNPATH_SEARCH_PATHS = "$(inherited) @executable_path/Frameworks";
				PRODUCT_BUNDLE_IDENTIFIER = com.beas.CustomPickerLib;
				PRODUCT_NAME = "$(TARGET_NAME)";
				SWIFT_VERSION = 4.0;
				TARGETED_DEVICE_FAMILY = "1,2";
			};
			name = Release;
		};
/* End XCBuildConfiguration section */

/* Begin XCConfigurationList section */
		056557A61FB2FFBD00D1ADB6 /* Build configuration list for PBXProject "CustomPickerLib" */ = {
			isa = XCConfigurationList;
			buildConfigurations = (
				056557BB1FB2FFBE00D1ADB6 /* Debug */,
				056557BC1FB2FFBE00D1ADB6 /* Release */,
			);
			defaultConfigurationIsVisible = 0;
			defaultConfigurationName = Release;
		};
		056557BD1FB2FFBE00D1ADB6 /* Build configuration list for PBXNativeTarget "CustomPickerLib" */ = {
			isa = XCConfigurationList;
			buildConfigurations = (
				056557BE1FB2FFBE00D1ADB6 /* Debug */,
				056557BF1FB2FFBE00D1ADB6 /* Release */,
			);
			defaultConfigurationIsVisible = 0;
			defaultConfigurationName = Release;
		};
/* End XCConfigurationList section */
	};
	rootObject = 056557A31FB2FFBC00D1ADB6 /* Project object */;
}
